
Microsoft Visual Studio Solution File, Format Version 12.00
# Visual Studio Version 16
VisualStudioVersion = 16.0.31205.134
MinimumVisualStudioVersion = 10.0.40219.1
Project("{FAE04EC0-301F-11D3-BF4B-00C04F79EFBC}") = "login", "login\login.csproj", "{542EA91F-7172-4A83-956C-95728DB578DC}"
EndProject
Global
	GlobalSection(SolutionConfigurationPlatforms) = preSolution
		Debug|Any CPU = Debug|Any CPU
		Release|Any CPU = Release|Any CPU
	EndGlobalSection
	GlobalSection(ProjectConfigurationPlatforms) = postSolution
		{542EA91F-7172-4A83-956C-95728DB578DC}.Debug|Any CPU.ActiveCfg = Debug|Any CPU
		{542EA91F-7172-4A83-956C-95728DB578DC}.Debug|Any CPU.Build.0 = Debug|Any CPU
		{542EA91F-7172-4A83-956C-95728DB578DC}.Release|Any CPU.ActiveCfg = Release|Any CPU
		{542EA91F-7172-4A83-956C-95728DB578DC}.Release|Any CPU.Build.0 = Release|Any CPU
	EndGlobalSection
	GlobalSection(SolutionProperties) = preSolution
		HideSolutionNode = FALSE
	EndGlobalSection
	GlobalSection(ExtensibilityGlobals) = postSolution
		SolutionGuid = {55E4C3E1-8234-4192-A42C-D0C4C83861B2}
	EndGlobalSection
EndGlobal
